
Microsoft Visual Studio Solution File, Format Version 12.00
# Visual Studio Version 17
VisualStudioVersion = 17.0.32112.339
MinimumVisualStudioVersion = 10.0.40219.1
Project("{FAE04EC0-301F-11D3-BF4B-00C04F79EFBC}") = "WindowsFormsApp7", "WindowsFormsApp7\WindowsFormsApp7.csproj", "{CA62F448-359A-4E15-80BD-11E0ED1C7249}"
EndProject
Global
	GlobalSection(SolutionConfigurationPlatforms) = preSolution
		Debug|Any CPU = Debug|Any CPU
		Release|Any CPU = Release|Any CPU
	EndGlobalSection
	GlobalSection(ProjectConfigurationPlatforms) = postSolution
		{CA62F448-359A-4E15-80BD-11E0ED1C7249}.Debug|Any CPU.ActiveCfg = Debug|Any CPU
		{CA62F448-359A-4E15-80BD-11E0ED1C7249}.Debug|Any CPU.Build.0 = Debug|Any CPU
		{CA62F448-359A-4E15-80BD-11E0ED1C7249}.Release|Any CPU.ActiveCfg = Release|Any CPU
		{CA62F448-359A-4E15-80BD-11E0ED1C7249}.Release|Any CPU.Build.0 = Release|Any CPU
	EndGlobalSection
	GlobalSection(SolutionProperties) = preSolution
		HideSolutionNode = FALSE
	EndGlobalSection
	GlobalSection(ExtensibilityGlobals) = postSolution
		SolutionGuid = {EC05CFFD-14D9-49AE-B448-2E6CD8FB9CB2}
	EndGlobalSection
EndGlobal
